
Microsoft Visual Studio Solution File, Format Version 12.00
# Visual Studio 15
Project("{FAE04EC0-301F-11D3-BF4B-00C04F79EFBC}") = "gamedevware-text-transform-editor", "gamedevware-text-transform-editor.csproj", "{D64F600B-73ED-7CE7-E0CA-AB68BEB0B962}"
EndProject
Project("{FAE04EC0-301F-11D3-BF4B-00C04F79EFBC}") = "DevScenes", "DevScenes.csproj", "{58C5CADE-2637-8FB9-ADAD-E10F262DA467}"
EndProject
Project("{FAE04EC0-301F-11D3-BF4B-00C04F79EFBC}") = "Myriad.Unity.Runtime", "Myriad.Unity.Runtime.csproj", "{F1E476DA-1A43-95A6-5E34-E60561FAEE0C}"
EndProject
Project("{FAE04EC0-301F-11D3-BF4B-00C04F79EFBC}") = "Myriad.Unity.Editor", "Myriad.Unity.Editor.csproj", "{C693D694-538F-35ED-E14B-2FA8A933E775}"
EndProject
Project("{FAE04EC0-301F-11D3-BF4B-00C04F79EFBC}") = "Tests", "Tests.csproj", "{7C28C805-5E30-D52B-2C67-83B7463CB99B}"
EndProject
Project("{FAE04EC0-301F-11D3-BF4B-00C04F79EFBC}") = "DevScenes.Editor", "DevScenes.Editor.csproj", "{E2363AE5-4AD3-38B6-BDFE-849FB702884C}"
EndProject
Global
	GlobalSection(SolutionConfigurationPlatforms) = preSolution
		Debug|Any CPU = Debug|Any CPU
		Release|Any CPU = Release|Any CPU
	EndGlobalSection
	GlobalSection(ProjectConfigurationPlatforms) = postSolution
		{D64F600B-73ED-7CE7-E0CA-AB68BEB0B962}.Debug|Any CPU.ActiveCfg = Debug|Any CPU
		{D64F600B-73ED-7CE7-E0CA-AB68BEB0B962}.Debug|Any CPU.Build.0 = Debug|Any CPU
		{D64F600B-73ED-7CE7-E0CA-AB68BEB0B962}.Release|Any CPU.ActiveCfg = Release|Any CPU
		{D64F600B-73ED-7CE7-E0CA-AB68BEB0B962}.Release|Any CPU.Build.0 = Release|Any CPU
		{58C5CADE-2637-8FB9-ADAD-E10F262DA467}.Debug|Any CPU.ActiveCfg = Debug|Any CPU
		{58C5CADE-2637-8FB9-ADAD-E10F262DA467}.Debug|Any CPU.Build.0 = Debug|Any CPU
		{58C5CADE-2637-8FB9-ADAD-E10F262DA467}.Release|Any CPU.ActiveCfg = Release|Any CPU
		{58C5CADE-2637-8FB9-ADAD-E10F262DA467}.Release|Any CPU.Build.0 = Release|Any CPU
		{F1E476DA-1A43-95A6-5E34-E60561FAEE0C}.Debug|Any CPU.ActiveCfg = Debug|Any CPU
		{F1E476DA-1A43-95A6-5E34-E60561FAEE0C}.Debug|Any CPU.Build.0 = Debug|Any CPU
		{F1E476DA-1A43-95A6-5E34-E60561FAEE0C}.Release|Any CPU.ActiveCfg = Release|Any CPU
		{F1E476DA-1A43-95A6-5E34-E60561FAEE0C}.Release|Any CPU.Build.0 = Release|Any CPU
		{C693D694-538F-35ED-E14B-2FA8A933E775}.Debug|Any CPU.ActiveCfg = Debug|Any CPU
		{C693D694-538F-35ED-E14B-2FA8A933E775}.Debug|Any CPU.Build.0 = Debug|Any CPU
		{C693D694-538F-35ED-E14B-2FA8A933E775}.Release|Any CPU.ActiveCfg = Release|Any CPU
		{C693D694-538F-35ED-E14B-2FA8A933E775}.Release|Any CPU.Build.0 = Release|Any CPU
		{7C28C805-5E30-D52B-2C67-83B7463CB99B}.Debug|Any CPU.ActiveCfg = Debug|Any CPU
		{7C28C805-5E30-D52B-2C67-83B7463CB99B}.Debug|Any CPU.Build.0 = Debug|Any CPU
		{7C28C805-5E30-D52B-2C67-83B7463CB99B}.Release|Any CPU.ActiveCfg = Release|Any CPU
		{7C28C805-5E30-D52B-2C67-83B7463CB99B}.Release|Any CPU.Build.0 = Release|Any CPU
		{E2363AE5-4AD3-38B6-BDFE-849FB702884C}.Debug|Any CPU.ActiveCfg = Debug|Any CPU
		{E2363AE5-4AD3-38B6-BDFE-849FB702884C}.Debug|Any CPU.Build.0 = Debug|Any CPU
		{E2363AE5-4AD3-38B6-BDFE-849FB702884C}.Release|Any CPU.ActiveCfg = Release|Any CPU
		{E2363AE5-4AD3-38B6-BDFE-849FB702884C}.Release|Any CPU.Build.0 = Release|Any CPU
	EndGlobalSection
	GlobalSection(SolutionProperties) = preSolution
		HideSolutionNode = FALSE
	EndGlobalSection
EndGlobal
